
Microsoft Visual Studio Solution File, Format Version 12.00
# Visual Studio Version 17
VisualStudioVersion = 17.7.34024.191
MinimumVisualStudioVersion = 10.0.40219.1
Project("{FAE04EC0-301F-11D3-BF4B-00C04F79EFBC}") = "Task1", "Task1\Task1.csproj", "{839935C6-D63D-449E-99FA-E9638FE18932}"
EndProject
Project("{FAE04EC0-301F-11D3-BF4B-00C04F79EFBC}") = "Task 2", "Task 2\Task 2.csproj", "{F6344430-F36C-4931-B781-347567810E34}"
EndProject
Project("{FAE04EC0-301F-11D3-BF4B-00C04F79EFBC}") = "Task3", "Task3\Task3.csproj", "{0632E18B-6951-4385-A3B9-CBF3B09732CC}"
EndProject
Project("{FAE04EC0-301F-11D3-BF4B-00C04F79EFBC}") = "Task4", "Task4\Task4.csproj", "{542AB1BA-5357-4195-8BC9-50480D30C210}"
EndProject
Project("{FAE04EC0-301F-11D3-BF4B-00C04F79EFBC}") = "Task5", "Task5\Task5.csproj", "{A1B6E8E5-2952-497E-A69F-398CA8359447}"
EndProject
Project("{FAE04EC0-301F-11D3-BF4B-00C04F79EFBC}") = "Task6", "Task6\Task6.csproj", "{53268442-A4E4-4B4E-B923-4810D01A5229}"
EndProject
Project("{FAE04EC0-301F-11D3-BF4B-00C04F79EFBC}") = "Task7", "Task7\Task7.csproj", "{4C11EDF5-5D17-49AA-95FE-A2CAFD123165}"
EndProject
Project("{FAE04EC0-301F-11D3-BF4B-00C04F79EFBC}") = "Task8", "Ефіл 7\Task8.csproj", "{4AC032F0-0921-4421-9041-36782783C872}"
EndProject
Project("{FAE04EC0-301F-11D3-BF4B-00C04F79EFBC}") = "Task 9", "Task 9\Task 9.csproj", "{541C2B33-95DD-48E7-961E-1517900B828F}"
EndProject
Project("{FAE04EC0-301F-11D3-BF4B-00C04F79EFBC}") = "Task10", "Task10\Task10.csproj", "{A3CAD93B-CFD8-43FD-B832-F72845785035}"
EndProject
Project("{FAE04EC0-301F-11D3-BF4B-00C04F79EFBC}") = "Task11", "Task11\Task11.csproj", "{ED4D1352-6E86-44B1-AB11-4300B809DFAC}"
EndProject
Project("{FAE04EC0-301F-11D3-BF4B-00C04F79EFBC}") = "Task 12", "Task 12\Task 12.csproj", "{92FA251C-99FF-4F20-8EBA-3A64FA5A177B}"
EndProject
Project("{FAE04EC0-301F-11D3-BF4B-00C04F79EFBC}") = "Task13", "Task13\Task13.csproj", "{166A3DB2-906B-40C7-AF22-4F57AA4CD3EC}"
EndProject
Global
	GlobalSection(SolutionConfigurationPlatforms) = preSolution
		Debug|Any CPU = Debug|Any CPU
		Release|Any CPU = Release|Any CPU
	EndGlobalSection
	GlobalSection(ProjectConfigurationPlatforms) = postSolution
		{839935C6-D63D-449E-99FA-E9638FE18932}.Debug|Any CPU.ActiveCfg = Debug|Any CPU
		{839935C6-D63D-449E-99FA-E9638FE18932}.Debug|Any CPU.Build.0 = Debug|Any CPU
		{839935C6-D63D-449E-99FA-E9638FE18932}.Release|Any CPU.ActiveCfg = Release|Any CPU
		{839935C6-D63D-449E-99FA-E9638FE18932}.Release|Any CPU.Build.0 = Release|Any CPU
		{F6344430-F36C-4931-B781-347567810E34}.Debug|Any CPU.ActiveCfg = Debug|Any CPU
		{F6344430-F36C-4931-B781-347567810E34}.Debug|Any CPU.Build.0 = Debug|Any CPU
		{F6344430-F36C-4931-B781-347567810E34}.Release|Any CPU.ActiveCfg = Release|Any CPU
		{F6344430-F36C-4931-B781-347567810E34}.Release|Any CPU.Build.0 = Release|Any CPU
		{0632E18B-6951-4385-A3B9-CBF3B09732CC}.Debug|Any CPU.ActiveCfg = Debug|Any CPU
		{0632E18B-6951-4385-A3B9-CBF3B09732CC}.Debug|Any CPU.Build.0 = Debug|Any CPU
		{0632E18B-6951-4385-A3B9-CBF3B09732CC}.Release|Any CPU.ActiveCfg = Release|Any CPU
		{0632E18B-6951-4385-A3B9-CBF3B09732CC}.Release|Any CPU.Build.0 = Release|Any CPU
		{542AB1BA-5357-4195-8BC9-50480D30C210}.Debug|Any CPU.ActiveCfg = Debug|Any CPU
		{542AB1BA-5357-4195-8BC9-50480D30C210}.Debug|Any CPU.Build.0 = Debug|Any CPU
		{542AB1BA-5357-4195-8BC9-50480D30C210}.Release|Any CPU.ActiveCfg = Release|Any CPU
		{542AB1BA-5357-4195-8BC9-50480D30C210}.Release|Any CPU.Build.0 = Release|Any CPU
		{A1B6E8E5-2952-497E-A69F-398CA8359447}.Debug|Any CPU.ActiveCfg = Debug|Any CPU
		{A1B6E8E5-2952-497E-A69F-398CA8359447}.Debug|Any CPU.Build.0 = Debug|Any CPU
		{A1B6E8E5-2952-497E-A69F-398CA8359447}.Release|Any CPU.ActiveCfg = Release|Any CPU
		{A1B6E8E5-2952-497E-A69F-398CA8359447}.Release|Any CPU.Build.0 = Release|Any CPU
		{53268442-A4E4-4B4E-B923-4810D01A5229}.Debug|Any CPU.ActiveCfg = Debug|Any CPU
		{53268442-A4E4-4B4E-B923-4810D01A5229}.Debug|Any CPU.Build.0 = Debug|Any CPU
		{53268442-A4E4-4B4E-B923-4810D01A5229}.Release|Any CPU.ActiveCfg = Release|Any CPU
		{53268442-A4E4-4B4E-B923-4810D01A5229}.Release|Any CPU.Build.0 = Release|Any CPU
		{4C11EDF5-5D17-49AA-95FE-A2CAFD123165}.Debug|Any CPU.ActiveCfg = Debug|Any CPU
		{4C11EDF5-5D17-49AA-95FE-A2CAFD123165}.Debug|Any CPU.Build.0 = Debug|Any CPU
		{4C11EDF5-5D17-49AA-95FE-A2CAFD123165}.Release|Any CPU.ActiveCfg = Release|Any CPU
		{4C11EDF5-5D17-49AA-95FE-A2CAFD123165}.Release|Any CPU.Build.0 = Release|Any CPU
		{4AC032F0-0921-4421-9041-36782783C872}.Debug|Any CPU.ActiveCfg = Debug|Any CPU
		{4AC032F0-0921-4421-9041-36782783C872}.Debug|Any CPU.Build.0 = Debug|Any CPU
		{4AC032F0-0921-4421-9041-36782783C872}.Release|Any CPU.ActiveCfg = Release|Any CPU
		{4AC032F0-0921-4421-9041-36782783C872}.Release|Any CPU.Build.0 = Release|Any CPU
		{541C2B33-95DD-48E7-961E-1517900B828F}.Debug|Any CPU.ActiveCfg = Debug|Any CPU
		{541C2B33-95DD-48E7-961E-1517900B828F}.Debug|Any CPU.Build.0 = Debug|Any CPU
		{541C2B33-95DD-48E7-961E-1517900B828F}.Release|Any CPU.ActiveCfg = Release|Any CPU
		{541C2B33-95DD-48E7-961E-1517900B828F}.Release|Any CPU.Build.0 = Release|Any CPU
		{A3CAD93B-CFD8-43FD-B832-F72845785035}.Debug|Any CPU.ActiveCfg = Debug|Any CPU
		{A3CAD93B-CFD8-43FD-B832-F72845785035}.Debug|Any CPU.Build.0 = Debug|Any CPU
		{A3CAD93B-CFD8-43FD-B832-F72845785035}.Release|Any CPU.ActiveCfg = Release|Any CPU
		{A3CAD93B-CFD8-43FD-B832-F72845785035}.Release|Any CPU.Build.0 = Release|Any CPU
		{ED4D1352-6E86-44B1-AB11-4300B809DFAC}.Debug|Any CPU.ActiveCfg = Debug|Any CPU
		{ED4D1352-6E86-44B1-AB11-4300B809DFAC}.Debug|Any CPU.Build.0 = Debug|Any CPU
		{ED4D1352-6E86-44B1-AB11-4300B809DFAC}.Release|Any CPU.ActiveCfg = Release|Any CPU
		{ED4D1352-6E86-44B1-AB11-4300B809DFAC}.Release|Any CPU.Build.0 = Release|Any CPU
		{92FA251C-99FF-4F20-8EBA-3A64FA5A177B}.Debug|Any CPU.ActiveCfg = Debug|Any CPU
		{92FA251C-99FF-4F20-8EBA-3A64FA5A177B}.Debug|Any CPU.Build.0 = Debug|Any CPU
		{92FA251C-99FF-4F20-8EBA-3A64FA5A177B}.Release|Any CPU.ActiveCfg = Release|Any CPU
		{92FA251C-99FF-4F20-8EBA-3A64FA5A177B}.Release|Any CPU.Build.0 = Release|Any CPU
		{166A3DB2-906B-40C7-AF22-4F57AA4CD3EC}.Debug|Any CPU.ActiveCfg = Debug|Any CPU
		{166A3DB2-906B-40C7-AF22-4F57AA4CD3EC}.Debug|Any CPU.Build.0 = Debug|Any CPU
		{166A3DB2-906B-40C7-AF22-4F57AA4CD3EC}.Release|Any CPU.ActiveCfg = Release|Any CPU
		{166A3DB2-906B-40C7-AF22-4F57AA4CD3EC}.Release|Any CPU.Build.0 = Release|Any CPU
	EndGlobalSection
	GlobalSection(SolutionProperties) = preSolution
		HideSolutionNode = FALSE
	EndGlobalSection
	GlobalSection(ExtensibilityGlobals) = postSolution
		SolutionGuid = {CD6E6E6C-0C4E-472A-AEEC-EDEBCB7EED34}
	EndGlobalSection
EndGlobal
